Microsoft Visual Studio Solution File, Format Version 12.00
# Visual Studio Version 17
VisualStudioVersion = 17.5.2.0
MinimumVisualStudioVersion = 10.0.40219.1
Project("{FAE04EC0-301F-11D3-BF4B-00C04F79EFBC}") = "PeluqueriaSaaS.Application", "PeluqueriaSaaS.Application\PeluqueriaSaaS.Application.csproj", "{9F2FD1A4-1905-80F5-AAFD-C4EC8E4527BC}"
EndProject
Project("{FAE04EC0-301F-11D3-BF4B-00C04F79EFBC}") = "PeluqueriaSaaS.Domain", "PeluqueriaSaaS.Domain\PeluqueriaSaaS.Domain.csproj", "{A49DFD4E-01D9-7184-6861-83F29637495E}"
EndProject
Project("{FAE04EC0-301F-11D3-BF4B-00C04F79EFBC}") = "PeluqueriaSaaS.Infrastructure", "PeluqueriaSaaS.Infrastructure\PeluqueriaSaaS.Infrastructure.csproj", "{D964B5CC-5C4A-527B-8CF6-2692C2EA5843}"
EndProject
Project("{FAE04EC0-301F-11D3-BF4B-00C04F79EFBC}") = "PeluqueriaSaaS.Shared", "PeluqueriaSaaS.Shared\PeluqueriaSaaS.Shared.csproj", "{75A60513-BBF4-BD5F-ECCF-584766CE289A}"
EndProject
Project("{FAE04EC0-301F-11D3-BF4B-00C04F79EFBC}") = "PeluqueriaSaaS.Web", "PeluqueriaSaaS.Web\PeluqueriaSaaS.Web.csproj", "{9FE4CADD-2A3F-A930-7C8E-D9ED477E7763}"
EndProject
Global
	GlobalSection(SolutionConfigurationPlatforms) = preSolution
		Debug|Any CPU = Debug|Any CPU
		Release|Any CPU = Release|Any CPU
	EndGlobalSection
	GlobalSection(ProjectConfigurationPlatforms) = postSolution
		{9F2FD1A4-1905-80F5-AAFD-C4EC8E4527BC}.Debug|Any CPU.ActiveCfg = Debug|Any CPU
		{9F2FD1A4-1905-80F5-AAFD-C4EC8E4527BC}.Debug|Any CPU.Build.0 = Debug|Any CPU
		{9F2FD1A4-1905-80F5-AAFD-C4EC8E4527BC}.Release|Any CPU.ActiveCfg = Release|Any CPU
		{9F2FD1A4-1905-80F5-AAFD-C4EC8E4527BC}.Release|Any CPU.Build.0 = Release|Any CPU
		{A49DFD4E-01D9-7184-6861-83F29637495E}.Debug|Any CPU.ActiveCfg = Debug|Any CPU
		{A49DFD4E-01D9-7184-6861-83F29637495E}.Debug|Any CPU.Build.0 = Debug|Any CPU
		{A49DFD4E-01D9-7184-6861-83F29637495E}.Release|Any CPU.ActiveCfg = Release|Any CPU
		{A49DFD4E-01D9-7184-6861-83F29637495E}.Release|Any CPU.Build.0 = Release|Any CPU
		{D964B5CC-5C4A-527B-8CF6-2692C2EA5843}.Debug|Any CPU.ActiveCfg = Debug|Any CPU
		{D964B5CC-5C4A-527B-8CF6-2692C2EA5843}.Debug|Any CPU.Build.0 = Debug|Any CPU
		{D964B5CC-5C4A-527B-8CF6-2692C2EA5843}.Release|Any CPU.ActiveCfg = Release|Any CPU
		{D964B5CC-5C4A-527B-8CF6-2692C2EA5843}.Release|Any CPU.Build.0 = Release|Any CPU
		{75A60513-BBF4-BD5F-ECCF-584766CE289A}.Debug|Any CPU.ActiveCfg = Debug|Any CPU
		{75A60513-BBF4-BD5F-ECCF-584766CE289A}.Debug|Any CPU.Build.0 = Debug|Any CPU
		{75A60513-BBF4-BD5F-ECCF-584766CE289A}.Release|Any CPU.ActiveCfg = Release|Any CPU
		{75A60513-BBF4-BD5F-ECCF-584766CE289A}.Release|Any CPU.Build.0 = Release|Any CPU
		{9FE4CADD-2A3F-A930-7C8E-D9ED477E7763}.Debug|Any CPU.ActiveCfg = Debug|Any CPU
		{9FE4CADD-2A3F-A930-7C8E-D9ED477E7763}.Debug|Any CPU.Build.0 = Debug|Any CPU
		{9FE4CADD-2A3F-A930-7C8E-D9ED477E7763}.Release|Any CPU.ActiveCfg = Release|Any CPU
		{9FE4CADD-2A3F-A930-7C8E-D9ED477E7763}.Release|Any CPU.Build.0 = Release|Any CPU
	EndGlobalSection
	GlobalSection(SolutionProperties) = preSolution
		HideSolutionNode = FALSE
	EndGlobalSection
	GlobalSection(ExtensibilityGlobals) = postSolution
		SolutionGuid = {53FF2E92-0CA8-4B86-BF00-F5D8D4135AE0}
	EndGlobalSection
EndGlobal
